
Microsoft Visual Studio Solution File, Format Version 12.00
# Visual Studio Version 17
VisualStudioVersion = 17.5.33502.453
MinimumVisualStudioVersion = 10.0.40219.1
Project("{FAE04EC0-301F-11D3-BF4B-00C04F79EFBC}") = "My Savak1", "My Savak1.csproj", "{B94B5AF4-F5CB-41C4-BFED-06F0FBCF7A51}"
EndProject
Global
	GlobalSection(SolutionConfigurationPlatforms) = preSolution
		Debug|Any CPU = Debug|Any CPU
		Release|Any CPU = Release|Any CPU
	EndGlobalSection
	GlobalSection(ProjectConfigurationPlatforms) = postSolution
		{B94B5AF4-F5CB-41C4-BFED-06F0FBCF7A51}.Debug|Any CPU.ActiveCfg = Debug|Any CPU
		{B94B5AF4-F5CB-41C4-BFED-06F0FBCF7A51}.Debug|Any CPU.Build.0 = Debug|Any CPU
		{B94B5AF4-F5CB-41C4-BFED-06F0FBCF7A51}.Release|Any CPU.ActiveCfg = Release|Any CPU
		{B94B5AF4-F5CB-41C4-BFED-06F0FBCF7A51}.Release|Any CPU.Build.0 = Release|Any CPU
	EndGlobalSection
	GlobalSection(SolutionProperties) = preSolution
		HideSolutionNode = FALSE
	EndGlobalSection
	GlobalSection(ExtensibilityGlobals) = postSolution
		SolutionGuid = {1DED44AB-4ACE-43C1-893C-FF3257E7AC9F}
	EndGlobalSection
EndGlobal
